
Microsoft Visual Studio Solution File, Format Version 12.00
# Visual Studio Version 17
VisualStudioVersion = 17.0.32014.148
MinimumVisualStudioVersion = 10.0.40219.1
Project("{9A19103F-16F7-4668-BE54-9A1E7A4F7556}") = "InjectableAWS", "src\InjectableAWS\InjectableAWS.csproj", "{F4325931-1EAA-4BCA-B1E9-EA851DAB41A2}"
EndProject
Project("{2150E333-8FDC-42A3-9474-1A3956D46DE8}") = "Solution Items", "Solution Items", "{874C06B9-B7D8-45F8-A756-4A1110A617BE}"
	ProjectSection(SolutionItems) = preProject
		.editorconfig = .editorconfig
		.gitignore = .gitignore
		addlocal.bat = addlocal.bat
		Directory.Build.props = Directory.Build.props
	EndProjectSection
EndProject
Project("{2150E333-8FDC-42A3-9474-1A3956D46DE8}") = "src", "src", "{42F6667F-D8DD-4BEC-A06E-D9184AE961BC}"
EndProject
Project("{2150E333-8FDC-42A3-9474-1A3956D46DE8}") = "test", "test", "{6890BA01-6164-4C18-9B86-5E03D9D3EB8A}"
EndProject
Project("{9A19103F-16F7-4668-BE54-9A1E7A4F7556}") = "InjectableAWS.Tests", "test\InjectableAWS.Tests\InjectableAWS.Tests.csproj", "{93D1B21B-72C8-429C-B112-E1DF50D09836}"
EndProject
Global
	GlobalSection(SolutionConfigurationPlatforms) = preSolution
		Debug|Any CPU = Debug|Any CPU
		Release|Any CPU = Release|Any CPU
	EndGlobalSection
	GlobalSection(ProjectConfigurationPlatforms) = postSolution
		{F4325931-1EAA-4BCA-B1E9-EA851DAB41A2}.Debug|Any CPU.ActiveCfg = Debug|Any CPU
		{F4325931-1EAA-4BCA-B1E9-EA851DAB41A2}.Debug|Any CPU.Build.0 = Debug|Any CPU
		{F4325931-1EAA-4BCA-B1E9-EA851DAB41A2}.Release|Any CPU.ActiveCfg = Release|Any CPU
		{F4325931-1EAA-4BCA-B1E9-EA851DAB41A2}.Release|Any CPU.Build.0 = Release|Any CPU
		{93D1B21B-72C8-429C-B112-E1DF50D09836}.Debug|Any CPU.ActiveCfg = Debug|Any CPU
		{93D1B21B-72C8-429C-B112-E1DF50D09836}.Debug|Any CPU.Build.0 = Debug|Any CPU
		{93D1B21B-72C8-429C-B112-E1DF50D09836}.Release|Any CPU.ActiveCfg = Release|Any CPU
		{93D1B21B-72C8-429C-B112-E1DF50D09836}.Release|Any CPU.Build.0 = Release|Any CPU
	EndGlobalSection
	GlobalSection(SolutionProperties) = preSolution
		HideSolutionNode = FALSE
	EndGlobalSection
	GlobalSection(NestedProjects) = preSolution
		{F4325931-1EAA-4BCA-B1E9-EA851DAB41A2} = {42F6667F-D8DD-4BEC-A06E-D9184AE961BC}
		{93D1B21B-72C8-429C-B112-E1DF50D09836} = {6890BA01-6164-4C18-9B86-5E03D9D3EB8A}
	EndGlobalSection
	GlobalSection(ExtensibilityGlobals) = postSolution
		SolutionGuid = {00667DC1-B6D3-42BD-803E-D9B04C5E5F7D}
	EndGlobalSection
EndGlobal
